
Microsoft Visual Studio Solution File, Format Version 12.00
# Visual Studio Version 16
VisualStudioVersion = 16.0.29905.134
MinimumVisualStudioVersion = 10.0.40219.1
Project("{FAE04EC0-301F-11D3-BF4B-00C04F79EFBC}") = "MatrixCRUDTech", "MatrixCRUDTech\MatrixCRUDTech.csproj", "{29D03DE6-E02B-46BE-83EE-6F50EAD3BB0D}"
EndProject
Global
	GlobalSection(SolutionConfigurationPlatforms) = preSolution
		Debug|Any CPU = Debug|Any CPU
		Release|Any CPU = Release|Any CPU
	EndGlobalSection
	GlobalSection(ProjectConfigurationPlatforms) = postSolution
		{29D03DE6-E02B-46BE-83EE-6F50EAD3BB0D}.Debug|Any CPU.ActiveCfg = Debug|Any CPU
		{29D03DE6-E02B-46BE-83EE-6F50EAD3BB0D}.Debug|Any CPU.Build.0 = Debug|Any CPU
		{29D03DE6-E02B-46BE-83EE-6F50EAD3BB0D}.Release|Any CPU.ActiveCfg = Release|Any CPU
		{29D03DE6-E02B-46BE-83EE-6F50EAD3BB0D}.Release|Any CPU.Build.0 = Release|Any CPU
	EndGlobalSection
	GlobalSection(SolutionProperties) = preSolution
		HideSolutionNode = FALSE
	EndGlobalSection
	GlobalSection(ExtensibilityGlobals) = postSolution
		SolutionGuid = {E7226FEF-5A7A-44F8-80ED-A2C160F3EC2E}
	EndGlobalSection
EndGlobal
